
Microsoft Visual Studio Solution File, Format Version 12.00
# Visual Studio Version 16
VisualStudioVersion = 16.0.31624.102
MinimumVisualStudioVersion = 10.0.40219.1
Project("{FAE04EC0-301F-11D3-BF4B-00C04F79EFBC}") = "Aplicacion de la POO", "Aplicacion de la POO\Aplicacion de la POO.csproj", "{148E1C9E-E0E1-4FB8-9EC0-505C119DA8A5}"
EndProject
Global
	GlobalSection(SolutionConfigurationPlatforms) = preSolution
		Debug|Any CPU = Debug|Any CPU
		Release|Any CPU = Release|Any CPU
	EndGlobalSection
	GlobalSection(ProjectConfigurationPlatforms) = postSolution
		{148E1C9E-E0E1-4FB8-9EC0-505C119DA8A5}.Debug|Any CPU.ActiveCfg = Debug|Any CPU
		{148E1C9E-E0E1-4FB8-9EC0-505C119DA8A5}.Debug|Any CPU.Build.0 = Debug|Any CPU
		{148E1C9E-E0E1-4FB8-9EC0-505C119DA8A5}.Release|Any CPU.ActiveCfg = Release|Any CPU
		{148E1C9E-E0E1-4FB8-9EC0-505C119DA8A5}.Release|Any CPU.Build.0 = Release|Any CPU
	EndGlobalSection
	GlobalSection(SolutionProperties) = preSolution
		HideSolutionNode = FALSE
	EndGlobalSection
	GlobalSection(ExtensibilityGlobals) = postSolution
		SolutionGuid = {0D5E89AF-CFFF-49ED-A2BF-F97ED73F7CD3}
	EndGlobalSection
EndGlobal
